
Microsoft Visual Studio Solution File, Format Version 12.00
# Visual Studio 15
VisualStudioVersion = 15.0.28307.1401
MinimumVisualStudioVersion = 10.0.40219.1
Project("{FAE04EC0-301F-11D3-BF4B-00C04F79EFBC}") = "WAReciclas", "WAReciclas\WAReciclas.csproj", "{D62A4814-AB5E-46E2-8381-CB58518F089E}"
EndProject
Global
	GlobalSection(SolutionConfigurationPlatforms) = preSolution
		Debug|Any CPU = Debug|Any CPU
		Release|Any CPU = Release|Any CPU
	EndGlobalSection
	GlobalSection(ProjectConfigurationPlatforms) = postSolution
		{D62A4814-AB5E-46E2-8381-CB58518F089E}.Debug|Any CPU.ActiveCfg = Debug|Any CPU
		{D62A4814-AB5E-46E2-8381-CB58518F089E}.Debug|Any CPU.Build.0 = Debug|Any CPU
		{D62A4814-AB5E-46E2-8381-CB58518F089E}.Release|Any CPU.ActiveCfg = Release|Any CPU
		{D62A4814-AB5E-46E2-8381-CB58518F089E}.Release|Any CPU.Build.0 = Release|Any CPU
	EndGlobalSection
	GlobalSection(SolutionProperties) = preSolution
		HideSolutionNode = FALSE
	EndGlobalSection
	GlobalSection(ExtensibilityGlobals) = postSolution
		SolutionGuid = {F16F1E9E-2528-4024-B89A-4BECC03EFAEF}
	EndGlobalSection
EndGlobal
